
Microsoft Visual Studio Solution File, Format Version 12.00
# Visual Studio Version 16
VisualStudioVersion = 16.0.30907.101
MinimumVisualStudioVersion = 10.0.40219.1
Project("{FAE04EC0-301F-11D3-BF4B-00C04F79EFBC}") = "EProctor", "EProctor\EProctor.csproj", "{DF46393F-908C-43E4-AB0B-43E8E4F881BD}"
EndProject
Global
	GlobalSection(SolutionConfigurationPlatforms) = preSolution
		Debug|Any CPU = Debug|Any CPU
		Release|Any CPU = Release|Any CPU
	EndGlobalSection
	GlobalSection(ProjectConfigurationPlatforms) = postSolution
		{DF46393F-908C-43E4-AB0B-43E8E4F881BD}.Debug|Any CPU.ActiveCfg = Debug|Any CPU
		{DF46393F-908C-43E4-AB0B-43E8E4F881BD}.Debug|Any CPU.Build.0 = Debug|Any CPU
		{DF46393F-908C-43E4-AB0B-43E8E4F881BD}.Release|Any CPU.ActiveCfg = Release|Any CPU
		{DF46393F-908C-43E4-AB0B-43E8E4F881BD}.Release|Any CPU.Build.0 = Release|Any CPU
	EndGlobalSection
	GlobalSection(SolutionProperties) = preSolution
		HideSolutionNode = FALSE
	EndGlobalSection
	GlobalSection(ExtensibilityGlobals) = postSolution
		SolutionGuid = {6764AB28-F1F7-45CE-9257-E22C99DB6E3A}
	EndGlobalSection
EndGlobal
